
Microsoft Visual Studio Solution File, Format Version 12.00
# Visual Studio Version 16
VisualStudioVersion = 16.0.31624.102
MinimumVisualStudioVersion = 10.0.40219.1
Project("{FAE04EC0-301F-11D3-BF4B-00C04F79EFBC}") = "ConsoleApp1", "ConsoleApp1\ConsoleApp1.csproj", "{02004363-D583-4269-BA68-E8D758FF64BA}"
EndProject
Global
	GlobalSection(SolutionConfigurationPlatforms) = preSolution
		Debug|Any CPU = Debug|Any CPU
		Release|Any CPU = Release|Any CPU
	EndGlobalSection
	GlobalSection(ProjectConfigurationPlatforms) = postSolution
		{02004363-D583-4269-BA68-E8D758FF64BA}.Debug|Any CPU.ActiveCfg = Debug|Any CPU
		{02004363-D583-4269-BA68-E8D758FF64BA}.Debug|Any CPU.Build.0 = Debug|Any CPU
		{02004363-D583-4269-BA68-E8D758FF64BA}.Release|Any CPU.ActiveCfg = Release|Any CPU
		{02004363-D583-4269-BA68-E8D758FF64BA}.Release|Any CPU.Build.0 = Release|Any CPU
	EndGlobalSection
	GlobalSection(SolutionProperties) = preSolution
		HideSolutionNode = FALSE
	EndGlobalSection
	GlobalSection(ExtensibilityGlobals) = postSolution
		SolutionGuid = {5DE3BF92-D09A-476D-AB56-C5E1293E4C60}
	EndGlobalSection
EndGlobal
